
Microsoft Visual Studio Solution File, Format Version 12.00
# Visual Studio Version 17
VisualStudioVersion = 17.7.34302.85
MinimumVisualStudioVersion = 10.0.40219.1
Project("{FAE04EC0-301F-11D3-BF4B-00C04F79EFBC}") = "TaskBoard.NET.WebAPI", "TaskBoard.NET.WebAPI\TaskBoard.NET.WebAPI.csproj", "{9722990E-1CAA-4E04-AED3-40E9E72D98DF}"
EndProject
Global
	GlobalSection(SolutionConfigurationPlatforms) = preSolution
		Debug|Any CPU = Debug|Any CPU
		Release|Any CPU = Release|Any CPU
	EndGlobalSection
	GlobalSection(ProjectConfigurationPlatforms) = postSolution
		{9722990E-1CAA-4E04-AED3-40E9E72D98DF}.Debug|Any CPU.ActiveCfg = Debug|Any CPU
		{9722990E-1CAA-4E04-AED3-40E9E72D98DF}.Debug|Any CPU.Build.0 = Debug|Any CPU
		{9722990E-1CAA-4E04-AED3-40E9E72D98DF}.Release|Any CPU.ActiveCfg = Release|Any CPU
		{9722990E-1CAA-4E04-AED3-40E9E72D98DF}.Release|Any CPU.Build.0 = Release|Any CPU
	EndGlobalSection
	GlobalSection(SolutionProperties) = preSolution
		HideSolutionNode = FALSE
	EndGlobalSection
	GlobalSection(ExtensibilityGlobals) = postSolution
		SolutionGuid = {BA1F25B1-33CA-46C1-BF52-BEFF6FE378C3}
	EndGlobalSection
EndGlobal
